schema: '2.0'
stages:
  prepare:
    cmd: python -X utf8 -m taed2_astra.data.make_dataset
    deps:
    - path: data/raw/prediction-of-sepsis.zip
      hash: md5
      md5: c0bc7d8788c394d48e16d36fccffb7b7
      size: 78283714
    - path: src/taed2_astra/data/make_dataset.py
      hash: md5
      md5: aba6f70711172e70922d4ed12c0ec287
      size: 2746
    params:
      params.yaml:
        dataset:
          name: prediction-of-sepsis
          raw_file: prediction-of-sepsis.zip
          raw_member: Dataset.csv
          target: SepsisLabel
          classes:
          - 0
          - 1
          group: Patient_ID
          drop:
          - 'Unnamed: 0'
        prepare:
          test_size: 0.2
          random_state: 42
    outs:
    - path: data/processed/test.parquet
      hash: md5
      md5: 9e9a66a4ca2275f1d127abfc7ceaad4b
      size: 3461516
    - path: data/processed/train.parquet
      hash: md5
      md5: affdf13112dbf301cec404d2abd5a210
      size: 13834675
  validate:
    cmd: python -X utf8 -m taed2_astra.data.validate
    deps:
    - path: data/processed/test.parquet
      hash: md5
      md5: 9e9a66a4ca2275f1d127abfc7ceaad4b
      size: 3461516
    - path: data/processed/train.parquet
      hash: md5
      md5: affdf13112dbf301cec404d2abd5a210
      size: 13834675
    - path: src/taed2_astra/data/validate.py
      hash: md5
      md5: 43a135fa03cea9a941f9122183b4b16b
      size: 7429
    params:
      params.yaml:
        dataset:
          name: prediction-of-sepsis
          raw_file: prediction-of-sepsis.zip
          raw_member: Dataset.csv
          target: SepsisLabel
          classes:
          - 0
          - 1
          group: Patient_ID
          drop:
          - 'Unnamed: 0'
        validation:
          min_rows: 10000
          label_rate:
          - 0.005
          - 0.05
          binary:
          - Gender
          - Unit1
          - Unit2
          complete:
          - Hour
          - Age
          - Gender
          - ICULOS
          dtypes:
          - int64
          - float64
          range_mostly: 0.999
          ranges:
            Hour:
            - 0
            - 400
            HR:
            - 20
            - 300
            O2Sat:
            - 20
            - 100
            Temp:
            - 20
            - 45
            SBP:
            - 20
            - 300
            MAP:
            - 20
            - 300
            DBP:
            - 20
            - 300
            Resp:
            - 1
            - 100
            EtCO2:
            - 10
            - 100
            BaseExcess:
            - -40
            - 40
            HCO3:
            - 0
            - 60
            FiO2:
            - 0.21
            - 1.0
            pH:
            - 6.5
            - 8.0
            PaCO2:
            - 10
            - 150
            SaO2:
            - 20
            - 100
            AST:
            - 0
            - 10000
            BUN:
            - 0
            - 300
            Alkalinephos:
            - 0
            - 4000
            Calcium:
            - 0
            - 30
            Chloride:
            - 20
            - 150
            Creatinine:
            - 0
            - 50
            Bilirubin_direct:
            - 0
            - 50
            Glucose:
            - 10
            - 1000
            Lactate:
            - 0
            - 35
            Magnesium:
            - 0
            - 10
            Phosphate:
            - 0
            - 20
            Potassium:
            - 1
            - 12
            Bilirubin_total:
            - 0
            - 50
            TroponinI:
            - 0
            - 500
            Hct:
            - 5
            - 80
            Hgb:
            - 2
            - 30
            PTT:
            - 10
            - 250
            WBC:
            - 0
            - 500
            Fibrinogen:
            - 30
            - 2000
            Platelets:
            - 0
            - 2500
            Age:
            - 0
            - 120
            Gender:
            - 0
            - 1
            Unit1:
            - 0
            - 1
            Unit2:
            - 0
            - 1
            HospAdmTime:
            - -10000
            - 100
            ICULOS:
            - 1
            - 400
    outs:
    - path: reports/data_validation.json
      hash: md5
      md5: 6543e84b59e7065d500c76f3383724be
      size: 40436
  benchmark:
    cmd: python -X utf8 -m taed2_astra.modeling.benchmark
    deps:
    - path: data/processed/train.parquet
      hash: md5
      md5: affdf13112dbf301cec404d2abd5a210
      size: 13834675
    - path: reports/data_validation.json
      hash: md5
      md5: 6543e84b59e7065d500c76f3383724be
      size: 40436
    - path: src/taed2_astra/energy.py
      hash: md5
      md5: b43e0f65ce7fbd75872c8316cd993ec1
      size: 5599
    - path: src/taed2_astra/features/build_features.py
      hash: md5
      md5: d1ba19bb6d6793dde2d49cf076542e79
      size: 1925
    - path: src/taed2_astra/modeling/benchmark.py
      hash: md5
      md5: 218539e54eee737ceb6d900bd3f9d488
      size: 9408
    - path: src/taed2_astra/modeling/evaluate.py
      hash: md5
      md5: 856efafe9a1f83cc68b214efd6afd863
      size: 3234
    - path: src/taed2_astra/modeling/fairness.py
      hash: md5
      md5: 7a0c5bdb8183d7f6e5e065c2fd42b9dc
      size: 7950
    - path: src/taed2_astra/modeling/registry.py
      hash: md5
      md5: 7b7f0e82eff46b4eb9d64c2611eba3af
      size: 5678
    params:
      params.yaml:
        benchmark:
          models:
          - logistic_regression
          - hist_gradient_boosting
          - tabpfn
          - ensemble_soft
          - ensemble_stacking
          cv_folds: 3
          max_rows:
          latency_batch_size: 1000
          rank_by: pr_auc
        dataset:
          name: prediction-of-sepsis
          raw_file: prediction-of-sepsis.zip
          raw_member: Dataset.csv
          target: SepsisLabel
          classes:
          - 0
          - 1
          group: Patient_ID
          drop:
          - 'Unnamed: 0'
        evaluate.threshold: 0.5
        fairness:
          favorable_label: 1
          attributes:
            Gender:
              privileged: 1
            Age:
              cutoff: 65
              privileged: 0
          mitigation:
            method: none
            attribute: Gender
        train:
          random_state: 42
          model: hist_gradient_boosting
          candidates:
            logistic_regression:
              estimator: logistic_regression
              C: 1.0
              max_iter: 1000
              class_weight: balanced
            hist_gradient_boosting:
              estimator: hist_gradient_boosting
              learning_rate: 0.1
              max_iter: 300
              max_leaf_nodes: 31
              min_samples_leaf: 100
              class_weight: balanced
            tabpfn:
              estimator: tabpfn
              n_estimators: 4
              device: cpu
              max_train_rows: 10000
            ensemble_soft:
              estimator: soft_voting
              members:
              - hist_gradient_boosting
              - logistic_regression
              weights:
            ensemble_stacking:
              estimator: stacking
              members:
              - hist_gradient_boosting
              - logistic_regression
              cv: 3
    outs:
    - path: metrics/benchmark.json
      hash: md5
      md5: 05ea7f0e4f030c9d3e30322e028d057b
      size: 4746
  train:
    cmd: python -X utf8 -m taed2_astra.modeling.train
    deps:
    - path: data/processed/train.parquet
      hash: md5
      md5: affdf13112dbf301cec404d2abd5a210
      size: 13834675
    - path: reports/data_validation.json
      hash: md5
      md5: 6543e84b59e7065d500c76f3383724be
      size: 40436
    - path: src/taed2_astra/energy.py
      hash: md5
      md5: b43e0f65ce7fbd75872c8316cd993ec1
      size: 5599
    - path: src/taed2_astra/features/build_features.py
      hash: md5
      md5: d1ba19bb6d6793dde2d49cf076542e79
      size: 1925
    - path: src/taed2_astra/modeling/fairness.py
      hash: md5
      md5: 7a0c5bdb8183d7f6e5e065c2fd42b9dc
      size: 7950
    - path: src/taed2_astra/modeling/registry.py
      hash: md5
      md5: 7b7f0e82eff46b4eb9d64c2611eba3af
      size: 5678
    - path: src/taed2_astra/modeling/train.py
      hash: md5
      md5: 080e1fabb73698390d9f559fd3eeb5d7
      size: 3836
    params:
      params.yaml:
        dataset:
          name: prediction-of-sepsis
          raw_file: prediction-of-sepsis.zip
          raw_member: Dataset.csv
          target: SepsisLabel
          classes:
          - 0
          - 1
          group: Patient_ID
          drop:
          - 'Unnamed: 0'
        fairness:
          favorable_label: 1
          attributes:
            Gender:
              privileged: 1
            Age:
              cutoff: 65
              privileged: 0
          mitigation:
            method: none
            attribute: Gender
        train:
          random_state: 42
          model: hist_gradient_boosting
          candidates:
            logistic_regression:
              estimator: logistic_regression
              C: 1.0
              max_iter: 1000
              class_weight: balanced
            hist_gradient_boosting:
              estimator: hist_gradient_boosting
              learning_rate: 0.1
              max_iter: 300
              max_leaf_nodes: 31
              min_samples_leaf: 100
              class_weight: balanced
            tabpfn:
              estimator: tabpfn
              n_estimators: 4
              device: cpu
              max_train_rows: 10000
            ensemble_soft:
              estimator: soft_voting
              members:
              - hist_gradient_boosting
              - logistic_regression
              weights:
            ensemble_stacking:
              estimator: stacking
              members:
              - hist_gradient_boosting
              - logistic_regression
              cv: 3
    outs:
    - path: models/model.pkl
      hash: md5
      md5: 36fc5a13ebad684577a7e02442c79a2e
      size: 1110933
  evaluate:
    cmd: python -X utf8 -m taed2_astra.modeling.evaluate
    deps:
    - path: data/processed/test.parquet
      hash: md5
      md5: 9e9a66a4ca2275f1d127abfc7ceaad4b
      size: 3461516
    - path: models/model.pkl
      hash: md5
      md5: 36fc5a13ebad684577a7e02442c79a2e
      size: 1110933
    - path: src/taed2_astra/energy.py
      hash: md5
      md5: b43e0f65ce7fbd75872c8316cd993ec1
      size: 5599
    - path: src/taed2_astra/features/build_features.py
      hash: md5
      md5: d1ba19bb6d6793dde2d49cf076542e79
      size: 1925
    - path: src/taed2_astra/modeling/evaluate.py
      hash: md5
      md5: 856efafe9a1f83cc68b214efd6afd863
      size: 3234
    - path: src/taed2_astra/modeling/predict.py
      hash: md5
      md5: 0d26a3483ebba3555172477bc644715a
      size: 1259
    params:
      params.yaml:
        dataset:
          name: prediction-of-sepsis
          raw_file: prediction-of-sepsis.zip
          raw_member: Dataset.csv
          target: SepsisLabel
          classes:
          - 0
          - 1
          group: Patient_ID
          drop:
          - 'Unnamed: 0'
        evaluate:
          threshold: 0.5
    outs:
    - path: metrics/metrics.json
      hash: md5
      md5: 372eae0e3c795d6b8102450e74620239
      size: 453
  co2_report:
    cmd: python -X utf8 -m taed2_astra.energy
    deps:
    - path: data/processed/train.parquet
      hash: md5
      md5: affdf13112dbf301cec404d2abd5a210
      size: 13834675
    - path: metrics/metrics.json
      hash: md5
      md5: 372eae0e3c795d6b8102450e74620239
      size: 453
    - path: models/model.pkl
      hash: md5
      md5: 36fc5a13ebad684577a7e02442c79a2e
      size: 1110933
    - path: reports/emissions/emissions.csv
      hash: md5
      md5: 3df842538dd390bf7e156ffda7e71879
      size: 7262
    - path: src/taed2_astra/energy.py
      hash: md5
      md5: b43e0f65ce7fbd75872c8316cd993ec1
      size: 5599
    params:
      params.yaml:
        model_card:
          training_type: pre-training
          optimization_techniques: histogram-based gradient boosting (binned
            features); ensembles rejected because their extra energy bought no
            meaningful PR-AUC gain
        train.model: hist_gradient_boosting
  plots:
    cmd: python -X utf8 -m taed2_astra.visualization.plots
    deps:
    - path: reports/emissions/emissions.csv
      hash: md5
      md5: 3df842538dd390bf7e156ffda7e71879
      size: 7262
    - path: src/taed2_astra/visualization/plots.py
      hash: md5
      md5: 937013c8d270308932bf4c479552ed1c
      size: 3905
    outs:
    - path: reports/figures/duration_vs_energy.png
      hash: md5
      md5: 1900e415e18eb471555984d75fc0a849
      size: 45197
    - path: reports/figures/energy_consumed_per_model.png
      hash: md5
      md5: afdc02722d98da1af75dbec1f9a20acc
      size: 48568
  fairness:
    cmd: python -X utf8 -m taed2_astra.modeling.fairness
    deps:
    - path: data/processed/test.parquet
      hash: md5
      md5: 9e9a66a4ca2275f1d127abfc7ceaad4b
      size: 3461516
    - path: models/model.pkl
      hash: md5
      md5: 36fc5a13ebad684577a7e02442c79a2e
      size: 1110933
    - path: src/taed2_astra/features/build_features.py
      hash: md5
      md5: d1ba19bb6d6793dde2d49cf076542e79
      size: 1925
    - path: src/taed2_astra/modeling/fairness.py
      hash: md5
      md5: 7a0c5bdb8183d7f6e5e065c2fd42b9dc
      size: 7950
    - path: src/taed2_astra/modeling/predict.py
      hash: md5
      md5: 0d26a3483ebba3555172477bc644715a
      size: 1259
    params:
      params.yaml:
        dataset:
          name: prediction-of-sepsis
          raw_file: prediction-of-sepsis.zip
          raw_member: Dataset.csv
          target: SepsisLabel
          classes:
          - 0
          - 1
          group: Patient_ID
          drop:
          - 'Unnamed: 0'
        evaluate.threshold: 0.5
        fairness.attributes:
          Gender:
            privileged: 1
          Age:
            cutoff: 65
            privileged: 0
        fairness.favorable_label: 1
    outs:
    - path: metrics/fairness.json
      hash: md5
      md5: 7264dce63fb2eb266059c3412224d5fb
      size: 916
